
Microsoft Visual Studio Solution File, Format Version 12.00
# Visual Studio 15
VisualStudioVersion = 15.0.28010.2016
MinimumVisualStudioVersion = 10.0.40219.1
Project("{FAE04EC0-301F-11D3-BF4B-00C04F79EFBC}") = "MoeLoaderP", "MoeLoaderP\MoeLoaderP.csproj", "{51501EA2-EE6D-44A2-8E3C-E512C1DF1C01}"
EndProject
Project("{2150E333-8FDC-42A3-9474-1A3956D46DE8}") = "Solution Items", "Solution Items", "{9DD56EA5-42B4-4110-A0DB-2B5684B16A29}"
	ProjectSection(SolutionItems) = preProject
		README.md = README.md
	EndProjectSection
EndProject
Global
	GlobalSection(SolutionConfigurationPlatforms) = preSolution
		Debug|Any CPU = Debug|Any CPU
		Debug|x86 = Debug|x86
		Release|Any CPU = Release|Any CPU
		Release|x86 = Release|x86
	EndGlobalSection
	GlobalSection(ProjectConfigurationPlatforms) = postSolution
		{51501EA2-EE6D-44A2-8E3C-E512C1DF1C01}.Debug|Any CPU.ActiveCfg = Debug|Any CPU
		{51501EA2-EE6D-44A2-8E3C-E512C1DF1C01}.Debug|Any CPU.Build.0 = Debug|Any CPU
		{51501EA2-EE6D-44A2-8E3C-E512C1DF1C01}.Debug|x86.ActiveCfg = Debug|x86
		{51501EA2-EE6D-44A2-8E3C-E512C1DF1C01}.Debug|x86.Build.0 = Debug|x86
		{51501EA2-EE6D-44A2-8E3C-E512C1DF1C01}.Release|Any CPU.ActiveCfg = Release|Any CPU
		{51501EA2-EE6D-44A2-8E3C-E512C1DF1C01}.Release|Any CPU.Build.0 = Release|Any CPU
		{51501EA2-EE6D-44A2-8E3C-E512C1DF1C01}.Release|x86.ActiveCfg = Release|x86
		{51501EA2-EE6D-44A2-8E3C-E512C1DF1C01}.Release|x86.Build.0 = Release|x86
	EndGlobalSection
	GlobalSection(SolutionProperties) = preSolution
		HideSolutionNode = FALSE
	EndGlobalSection
	GlobalSection(ExtensibilityGlobals) = postSolution
		SolutionGuid = {207BF92D-A2FF-4E20-A5A8-219BA4714DE7}
	EndGlobalSection
EndGlobal
