
Microsoft Visual Studio Solution File, Format Version 12.00
# Visual Studio Version 16
VisualStudioVersion = 16.0.29905.134
MinimumVisualStudioVersion = 10.0.40219.1
Project("{9A19103F-16F7-4668-BE54-9A1E7A4F7556}") = "MoeLoaderP.Wpf", "MoeLoaderP.Wpf\MoeLoaderP.Wpf.csproj", "{51501EA2-EE6D-44A2-8E3C-E512C1DF1C01}"
EndProject
Project("{2150E333-8FDC-42A3-9474-1A3956D46DE8}") = "Solution Items", "Solution Items", "{9DD56EA5-42B4-4110-A0DB-2B5684B16A29}"
	ProjectSection(SolutionItems) = preProject
		LICENSE.txt = LICENSE.txt
		README.md = README.md
	EndProjectSection
EndProject
Project("{9A19103F-16F7-4668-BE54-9A1E7A4F7556}") = "MoeLoaderP.Core", "MoeLoaderP.Core\MoeLoaderP.Core.csproj", "{A25109A2-B782-4B02-8C63-39EC36D53983}"
EndProject
Global
	GlobalSection(SolutionConfigurationPlatforms) = preSolution
		Debug|Any CPU = Debug|Any CPU
		Release|Any CPU = Release|Any CPU
	EndGlobalSection
	GlobalSection(ProjectConfigurationPlatforms) = postSolution
		{51501EA2-EE6D-44A2-8E3C-E512C1DF1C01}.Debug|Any CPU.ActiveCfg = Debug|Any CPU
		{51501EA2-EE6D-44A2-8E3C-E512C1DF1C01}.Debug|Any CPU.Build.0 = Debug|Any CPU
		{51501EA2-EE6D-44A2-8E3C-E512C1DF1C01}.Release|Any CPU.ActiveCfg = Release|Any CPU
		{51501EA2-EE6D-44A2-8E3C-E512C1DF1C01}.Release|Any CPU.Build.0 = Release|Any CPU
		{A25109A2-B782-4B02-8C63-39EC36D53983}.Debug|Any CPU.ActiveCfg = Debug|Any CPU
		{A25109A2-B782-4B02-8C63-39EC36D53983}.Debug|Any CPU.Build.0 = Debug|Any CPU
		{A25109A2-B782-4B02-8C63-39EC36D53983}.Release|Any CPU.ActiveCfg = Release|Any CPU
		{A25109A2-B782-4B02-8C63-39EC36D53983}.Release|Any CPU.Build.0 = Release|Any CPU
	EndGlobalSection
	GlobalSection(SolutionProperties) = preSolution
		HideSolutionNode = FALSE
	EndGlobalSection
	GlobalSection(ExtensibilityGlobals) = postSolution
		SolutionGuid = {207BF92D-A2FF-4E20-A5A8-219BA4714DE7}
	EndGlobalSection
EndGlobal
